
Microsoft Visual Studio Solution File, Format Version 12.00
# Visual Studio Version 17
VisualStudioVersion = 17.1.32407.343
MinimumVisualStudioVersion = 10.0.40219.1
Project("{FAE04EC0-301F-11D3-BF4B-00C04F79EFBC}") = "NFT-Opensea-Bulk-Pricing", "NFT-Opensea-Bulk-Pricing.csproj", "{F3DAD3E1-76C2-4634-B019-382978F386B7}"
EndProject
Global
	GlobalSection(SolutionConfigurationPlatforms) = preSolution
		Debug|Any CPU = Debug|Any CPU
		Release|Any CPU = Release|Any CPU
	EndGlobalSection
	GlobalSection(ProjectConfigurationPlatforms) = postSolution
		{F3DAD3E1-76C2-4634-B019-382978F386B7}.Debug|Any CPU.ActiveCfg = Debug|Any CPU
		{F3DAD3E1-76C2-4634-B019-382978F386B7}.Debug|Any CPU.Build.0 = Debug|Any CPU
		{F3DAD3E1-76C2-4634-B019-382978F386B7}.Release|Any CPU.ActiveCfg = Release|Any CPU
		{F3DAD3E1-76C2-4634-B019-382978F386B7}.Release|Any CPU.Build.0 = Release|Any CPU
	EndGlobalSection
	GlobalSection(SolutionProperties) = preSolution
		HideSolutionNode = FALSE
	EndGlobalSection
	GlobalSection(ExtensibilityGlobals) = postSolution
		SolutionGuid = {79035348-4086-4F3E-B0D2-620845C63033}
	EndGlobalSection
EndGlobal
